lockfileVersion: '9.0'

settings:
  autoInstallPeers: true
  excludeLinksFromLockfile: false

importers:

  .:
    dependencies:
      changelog-parser:
        specifier: ^3.0.1
        version: 3.0.1
      js-yaml:
        specifier: ^4.1.0
        version: 4.1.0

packages:

  argparse@2.0.1:
    resolution: {integrity: sha512-8+9WqebbFzpX9OR+Wa6O29asIogeRMzcGtAINdpMHHyAg10f05aSFVBbcEqGf/PXw1EjAZ+q2/bEBg3DvurK3Q==}

  changelog-parser@3.0.1:
    resolution: {integrity: sha512-1AEVJgnFEO4v5ukfEH/j9cr2Z39Y/GCieNi605azhufAolXF4vQAwZBY8BrUVRkvlI3gwe3i621/PIAW0zmmEQ==}
    engines: {node: '>=14'}
    hasBin: true

  js-yaml@4.1.0:
    resolution: {integrity: sha512-wpxZs9NoxZaJESJGIZTyDEaYpl0FKSA+FB9aJiyemKhMwkxQg63h4T1KJgUGHpTqPDNRcmmYLugrRjJlBtWvRA==}
    hasBin: true

  line-reader@0.2.4:
    resolution: {integrity: sha512-342xzyZZS9uTiKwHJcMacopVl/WjrMMCZS1Qg4Uhl/WBknWRrGFdKOIS1Kec6SaiTcZMtmuxWvvIbPXj/+FMjA==}

  remove-markdown@0.5.5:
    resolution: {integrity: sha512-lMR8tOtDqazFT6W2bZidoXwkptMdF3pCxpri0AEokHg0sZlC2GdoLqnoaxsEj1o7/BtXV1MKtT3YviA1t7rW7g==}

snapshots:

  argparse@2.0.1: {}

  changelog-parser@3.0.1:
    dependencies:
      line-reader: 0.2.4
      remove-markdown: 0.5.5

  js-yaml@4.1.0:
    dependencies:
      argparse: 2.0.1

  line-reader@0.2.4: {}

  remove-markdown@0.5.5: {}
